// !$*UTF8*$!
{
	archiveVersion = 1;
	classes = {
	};
	objectVersion = 56;
	objects = {

/* Begin PBXBuildFile section */
		738A71352974E0C7008E7E7A /* AppDelegate.swift in Sources */ = {isa = PBXBuildFile; fileRef = 738A71342974E0C7008E7E7A /* AppDelegate.swift */; };
		738A71372974E0C7008E7E7A /* SceneDelegate.swift in Sources */ = {isa = PBXBuildFile; fileRef = 738A71362974E0C7008E7E7A /* SceneDelegate.swift */; };
		738A71392974E0C7008E7E7A /* MainViewController.swift in Sources */ = {isa = PBXBuildFile; fileRef = 738A71382974E0C7008E7E7A /* MainViewController.swift */; };
		738A713E2974E0C8008E7E7A /* Assets.xcassets in Resources */ = {isa = PBXBuildFile; fileRef = 738A713D2974E0C8008E7E7A /* Assets.xcassets */; };
		738A71412974E0C8008E7E7A /* LaunchScreen.storyboard in Resources */ = {isa = PBXBuildFile; fileRef = 738A713F2974E0C8008E7E7A /* LaunchScreen.storyboard */; };
		738A71522974E12B008E7E7A /* DIContainer.swift in Sources */ = {isa = PBXBuildFile; fileRef = 738A71512974E12B008E7E7A /* DIContainer.swift */; };
		738A71552974E14D008E7E7A /* BaseCoordinator.swift in Sources */ = {isa = PBXBuildFile; fileRef = 738A71542974E14D008E7E7A /* BaseCoordinator.swift */; };
		738A71572974E160008E7E7A /* AppCoordinator.swift in Sources */ = {isa = PBXBuildFile; fileRef = 738A71562974E160008E7E7A /* AppCoordinator.swift */; };
		738A71592974E1C6008E7E7A /* SearchViewController.swift in Sources */ = {isa = PBXBuildFile; fileRef = 738A71582974E1C6008E7E7A /* SearchViewController.swift */; };
		738A71652974E2FC008E7E7A /* Roboto-Medium.ttf in Resources */ = {isa = PBXBuildFile; fileRef = 738A715F2974E2FC008E7E7A /* Roboto-Medium.ttf */; };
		738A71662974E2FC008E7E7A /* Roboto-Regular.ttf in Resources */ = {isa = PBXBuildFile; fileRef = 738A71602974E2FC008E7E7A /* Roboto-Regular.ttf */; };
		738A71672974E2FC008E7E7A /* NotoSansKR-Bold.otf in Resources */ = {isa = PBXBuildFile; fileRef = 738A71612974E2FC008E7E7A /* NotoSansKR-Bold.otf */; };
		738A71682974E2FC008E7E7A /* Roboto-Bold.ttf in Resources */ = {isa = PBXBuildFile; fileRef = 738A71622974E2FC008E7E7A /* Roboto-Bold.ttf */; };
		738A71692974E2FC008E7E7A /* NotoSansKR-Medium.otf in Resources */ = {isa = PBXBuildFile; fileRef = 738A71632974E2FC008E7E7A /* NotoSansKR-Medium.otf */; };
		738A716A2974E2FC008E7E7A /* NotoSansKR-Regular.otf in Resources */ = {isa = PBXBuildFile; fileRef = 738A71642974E2FC008E7E7A /* NotoSansKR-Regular.otf */; };
		738A716C2974F154008E7E7A /* Font.swift in Sources */ = {isa = PBXBuildFile; fileRef = 738A716B2974F154008E7E7A /* Font.swift */; };
		738A716F2974F1E9008E7E7A /* CurrentWeatherCell.swift in Sources */ = {isa = PBXBuildFile; fileRef = 738A716E2974F1E9008E7E7A /* CurrentWeatherCell.swift */; };
		738A71712975014D008E7E7A /* TodayWeatherCell.swift in Sources */ = {isa = PBXBuildFile; fileRef = 738A71702975014D008E7E7A /* TodayWeatherCell.swift */; };
		738A71732975037E008E7E7A /* FiveDaysWeatherCell.swift in Sources */ = {isa = PBXBuildFile; fileRef = 738A71722975037E008E7E7A /* FiveDaysWeatherCell.swift */; };
		738A717529750630008E7E7A /* DetailInfoCell.swift in Sources */ = {isa = PBXBuildFile; fileRef = 738A717429750630008E7E7A /* DetailInfoCell.swift */; };
		738A717829750770008E7E7A /* SectionType.swift in Sources */ = {isa = PBXBuildFile; fileRef = 738A717729750770008E7E7A /* SectionType.swift */; };
		738A717B29750805008E7E7A /* LayoutFactory.swift in Sources */ = {isa = PBXBuildFile; fileRef = 738A717A29750805008E7E7A /* LayoutFactory.swift */; };
		738A717D2975124A008E7E7A /* MainCollectionViewDataSource.swift in Sources */ = {isa = PBXBuildFile; fileRef = 738A717C2975124A008E7E7A /* MainCollectionViewDataSource.swift */; };
		738A7180297524E3008E7E7A /* UIColor+Extension.swift in Sources */ = {isa = PBXBuildFile; fileRef = 738A717F297524E3008E7E7A /* UIColor+Extension.swift */; };
		738A71862975441E008E7E7A /* Constant.swift in Sources */ = {isa = PBXBuildFile; fileRef = 738A71852975441E008E7E7A /* Constant.swift */; };
		C4ABEF50ED888EDF9871BF79 /* Pods_Weather.framework in Frameworks */ = {isa = PBXBuildFile; fileRef = 6A8FBB8B32441A0F85F35497 /* Pods_Weather.framework */; };
/* End PBXBuildFile section */

/* Begin PBXFileReference section */
		4C0014CAA2742A914D0A5AF2 /* Pods-Weather.debug.xcconfig */ = {isa = PBXFileReference; includeInIndex = 1; lastKnownFileType = text.xcconfig; name = "Pods-Weather.debug.xcconfig"; path = "Target Support Files/Pods-Weather/Pods-Weather.debug.xcconfig"; sourceTree = "<group>"; };
		6A8FBB8B32441A0F85F35497 /* Pods_Weather.framework */ = {isa = PBXFileReference; explicitFileType = wrapper.framework; includeInIndex = 0; path = Pods_Weather.framework; sourceTree = BUILT_PRODUCTS_DIR; };
		738A71312974E0C7008E7E7A /* Weather.app */ = {isa = PBXFileReference; explicitFileType = wrapper.application; includeInIndex = 0; path = Weather.app; sourceTree = BUILT_PRODUCTS_DIR; };
		738A71342974E0C7008E7E7A /* AppDelegate.swift */ = {isa = PBXFileReference; lastKnownFileType = sourcecode.swift; path = AppDelegate.swift; sourceTree = "<group>"; };
		738A71362974E0C7008E7E7A /* SceneDelegate.swift */ = {isa = PBXFileReference; lastKnownFileType = sourcecode.swift; path = SceneDelegate.swift; sourceTree = "<group>"; };
		738A71382974E0C7008E7E7A /* MainViewController.swift */ = {isa = PBXFileReference; lastKnownFileType = sourcecode.swift; path = MainViewController.swift; sourceTree = "<group>"; };
		738A713D2974E0C8008E7E7A /* Assets.xcassets */ = {isa = PBXFileReference; lastKnownFileType = folder.assetcatalog; path = Assets.xcassets; sourceTree = "<group>"; };
		738A71402974E0C8008E7E7A /* Base */ = {isa = PBXFileReference; lastKnownFileType = file.storyboard; name = Base; path = Base.lproj/LaunchScreen.storyboard; sourceTree = "<group>"; };
		738A71422974E0C8008E7E7A /* Info.plist */ = {isa = PBXFileReference; lastKnownFileType = text.plist.xml; path = Info.plist; sourceTree = "<group>"; };
		738A71512974E12B008E7E7A /* DIContainer.swift */ = {isa = PBXFileReference; lastKnownFileType = sourcecode.swift; path = DIContainer.swift; sourceTree = "<group>"; };
		738A71542974E14D008E7E7A /* BaseCoordinator.swift */ = {isa = PBXFileReference; lastKnownFileType = sourcecode.swift; path = BaseCoordinator.swift; sourceTree = "<group>"; };
		738A71562974E160008E7E7A /* AppCoordinator.swift */ = {isa = PBXFileReference; lastKnownFileType = sourcecode.swift; path = AppCoordinator.swift; sourceTree = "<group>"; };
		738A71582974E1C6008E7E7A /* SearchViewController.swift */ = {isa = PBXFileReference; lastKnownFileType = sourcecode.swift; path = SearchViewController.swift; sourceTree = "<group>"; };
		738A715F2974E2FC008E7E7A /* Roboto-Medium.ttf */ = {isa = PBXFileReference; lastKnownFileType = file; path = "Roboto-Medium.ttf"; sourceTree = "<group>"; };
		738A71602974E2FC008E7E7A /* Roboto-Regular.ttf */ = {isa = PBXFileReference; lastKnownFileType = file; path = "Roboto-Regular.ttf"; sourceTree = "<group>"; };
		738A71612974E2FC008E7E7A /* NotoSansKR-Bold.otf */ = {isa = PBXFileReference; lastKnownFileType = file; path = "NotoSansKR-Bold.otf"; sourceTree = "<group>"; };
		738A71622974E2FC008E7E7A /* Roboto-Bold.ttf */ = {isa = PBXFileReference; lastKnownFileType = file; path = "Roboto-Bold.ttf"; sourceTree = "<group>"; };
		738A71632974E2FC008E7E7A /* NotoSansKR-Medium.otf */ = {isa = PBXFileReference; lastKnownFileType = file; path = "NotoSansKR-Medium.otf"; sourceTree = "<group>"; };
		738A71642974E2FC008E7E7A /* NotoSansKR-Regular.otf */ = {isa = PBXFileReference; lastKnownFileType = file; path = "NotoSansKR-Regular.otf"; sourceTree = "<group>"; };
		738A716B2974F154008E7E7A /* Font.swift */ = {isa = PBXFileReference; lastKnownFileType = sourcecode.swift; path = Font.swift; sourceTree = "<group>"; };
		738A716E2974F1E9008E7E7A /* CurrentWeatherCell.swift */ = {isa = PBXFileReference; lastKnownFileType = sourcecode.swift; path = CurrentWeatherCell.swift; sourceTree = "<group>"; };
		738A71702975014D008E7E7A /* TodayWeatherCell.swift */ = {isa = PBXFileReference; lastKnownFileType = sourcecode.swift; path = TodayWeatherCell.swift; sourceTree = "<group>"; };
		738A71722975037E008E7E7A /* FiveDaysWeatherCell.swift */ = {isa = PBXFileReference; lastKnownFileType = sourcecode.swift; path = FiveDaysWeatherCell.swift; sourceTree = "<group>"; };
		738A717429750630008E7E7A /* DetailInfoCell.swift */ = {isa = PBXFileReference; lastKnownFileType = sourcecode.swift; path = DetailInfoCell.swift; sourceTree = "<group>"; };
		738A717729750770008E7E7A /* SectionType.swift */ = {isa = PBXFileReference; lastKnownFileType = sourcecode.swift; path = SectionType.swift; sourceTree = "<group>"; };
		738A717A29750805008E7E7A /* LayoutFactory.swift */ = {isa = PBXFileReference; lastKnownFileType = sourcecode.swift; path = LayoutFactory.swift; sourceTree = "<group>"; };
		738A717C2975124A008E7E7A /* MainCollectionViewDataSource.swift */ = {isa = PBXFileReference; lastKnownFileType = sourcecode.swift; path = MainCollectionViewDataSource.swift; sourceTree = "<group>"; };
		738A717F297524E3008E7E7A /* UIColor+Extension.swift */ = {isa = PBXFileReference; fileEncoding = 4; lastKnownFileType = sourcecode.swift; path = "UIColor+Extension.swift"; sourceTree = "<group>"; };
		738A71852975441E008E7E7A /* Constant.swift */ = {isa = PBXFileReference; lastKnownFileType = sourcecode.swift; path = Constant.swift; sourceTree = "<group>"; };
		F89B30B265D4332FD3A52673 /* Pods-Weather.release.xcconfig */ = {isa = PBXFileReference; includeInIndex = 1; lastKnownFileType = text.xcconfig; name = "Pods-Weather.release.xcconfig"; path = "Target Support Files/Pods-Weather/Pods-Weather.release.xcconfig"; sourceTree = "<group>"; };
/* End PBXFileReference section */

/* Begin PBXFrameworksBuildPhase section */
		738A712E2974E0C7008E7E7A /* Frameworks */ = {
			isa = PBXFrameworksBuildPhase;
			buildActionMask = 2147483647;
			files = (
				C4ABEF50ED888EDF9871BF79 /* Pods_Weather.framework in Frameworks */,
			);
			runOnlyForDeploymentPostprocessing = 0;
		};
/* End PBXFrameworksBuildPhase section */

/* Begin PBXGroup section */
		3C8C28025CF81B6AED18C403 /* Pods */ = {
			isa = PBXGroup;
			children = (
				4C0014CAA2742A914D0A5AF2 /* Pods-Weather.debug.xcconfig */,
				F89B30B265D4332FD3A52673 /* Pods-Weather.release.xcconfig */,
			);
			path = Pods;
			sourceTree = "<group>";
		};
		738A71282974E0C7008E7E7A = {
			isa = PBXGroup;
			children = (
				738A71332974E0C7008E7E7A /* Weather */,
				738A71322974E0C7008E7E7A /* Products */,
				3C8C28025CF81B6AED18C403 /* Pods */,
				8084EF39730D2CAA63C65608 /* Frameworks */,
			);
			sourceTree = "<group>";
		};
		738A71322974E0C7008E7E7A /* Products */ = {
			isa = PBXGroup;
			children = (
				738A71312974E0C7008E7E7A /* Weather.app */,
			);
			name = Products;
			sourceTree = "<group>";
		};
		738A71332974E0C7008E7E7A /* Weather */ = {
			isa = PBXGroup;
			children = (
				738A714F2974E109008E7E7A /* Application */,
				738A715B2974E299008E7E7A /* Presentation */,
				738A715A2974E288008E7E7A /* Resources */,
			);
			path = Weather;
			sourceTree = "<group>";
		};
		738A714F2974E109008E7E7A /* Application */ = {
			isa = PBXGroup;
			children = (
				738A71532974E136008E7E7A /* Coordinator */,
				738A71512974E12B008E7E7A /* DIContainer.swift */,
				738A71342974E0C7008E7E7A /* AppDelegate.swift */,
				738A71362974E0C7008E7E7A /* SceneDelegate.swift */,
			);
			path = Application;
			sourceTree = "<group>";
		};
		738A71532974E136008E7E7A /* Coordinator */ = {
			isa = PBXGroup;
			children = (
				738A71542974E14D008E7E7A /* BaseCoordinator.swift */,
				738A71562974E160008E7E7A /* AppCoordinator.swift */,
			);
			path = Coordinator;
			sourceTree = "<group>";
		};
		738A715A2974E288008E7E7A /* Resources */ = {
			isa = PBXGroup;
			children = (
				738A715E2974E2FC008E7E7A /* Font */,
				738A713D2974E0C8008E7E7A /* Assets.xcassets */,
				738A713F2974E0C8008E7E7A /* LaunchScreen.storyboard */,
				738A71422974E0C8008E7E7A /* Info.plist */,
			);
			path = Resources;
			sourceTree = "<group>";
		};
		738A715B2974E299008E7E7A /* Presentation */ = {
			isa = PBXGroup;
			children = (
				738A717E297524E3008E7E7A /* Extension */,
				738A716D2974F1A8008E7E7A /* Common */,
				738A71792975078E008E7E7A /* Util */,
				738A715C2974E2A3008E7E7A /* main */,
				738A715D2974E2AD008E7E7A /* Search */,
			);
			path = Presentation;
			sourceTree = "<group>";
		};
		738A715C2974E2A3008E7E7A /* main */ = {
			isa = PBXGroup;
			children = (
				738A71762975073A008E7E7A /* CollectionViewCells */,
				738A71382974E0C7008E7E7A /* MainViewController.swift */,
				738A717C2975124A008E7E7A /* MainCollectionViewDataSource.swift */,
			);
			path = main;
			sourceTree = "<group>";
		};
		738A715D2974E2AD008E7E7A /* Search */ = {
			isa = PBXGroup;
			children = (
				738A71582974E1C6008E7E7A /* SearchViewController.swift */,
			);
			path = Search;
			sourceTree = "<group>";
		};
		738A715E2974E2FC008E7E7A /* Font */ = {
			isa = PBXGroup;
			children = (
				738A715F2974E2FC008E7E7A /* Roboto-Medium.ttf */,
				738A71602974E2FC008E7E7A /* Roboto-Regular.ttf */,
				738A71612974E2FC008E7E7A /* NotoSansKR-Bold.otf */,
				738A71622974E2FC008E7E7A /* Roboto-Bold.ttf */,
				738A71632974E2FC008E7E7A /* NotoSansKR-Medium.otf */,
				738A71642974E2FC008E7E7A /* NotoSansKR-Regular.otf */,
			);
			path = Font;
			sourceTree = "<group>";
		};
		738A716D2974F1A8008E7E7A /* Common */ = {
			isa = PBXGroup;
			children = (
				738A716B2974F154008E7E7A /* Font.swift */,
			);
			path = Common;
			sourceTree = "<group>";
		};
		738A71762975073A008E7E7A /* CollectionViewCells */ = {
			isa = PBXGroup;
			children = (
				738A716E2974F1E9008E7E7A /* CurrentWeatherCell.swift */,
				738A71702975014D008E7E7A /* TodayWeatherCell.swift */,
				738A71722975037E008E7E7A /* FiveDaysWeatherCell.swift */,
				738A717429750630008E7E7A /* DetailInfoCell.swift */,
			);
			path = CollectionViewCells;
			sourceTree = "<group>";
		};
		738A71792975078E008E7E7A /* Util */ = {
			isa = PBXGroup;
			children = (
				738A71852975441E008E7E7A /* Constant.swift */,
				738A717729750770008E7E7A /* SectionType.swift */,
				738A717A29750805008E7E7A /* LayoutFactory.swift */,
			);
			path = Util;
			sourceTree = "<group>";
		};
		738A717E297524E3008E7E7A /* Extension */ = {
			isa = PBXGroup;
			children = (
				738A717F297524E3008E7E7A /* UIColor+Extension.swift */,
			);
			path = Extension;
			sourceTree = "<group>";
		};
		8084EF39730D2CAA63C65608 /* Frameworks */ = {
			isa = PBXGroup;
			children = (
				6A8FBB8B32441A0F85F35497 /* Pods_Weather.framework */,
			);
			name = Frameworks;
			sourceTree = "<group>";
		};
/* End PBXGroup section */

/* Begin PBXNativeTarget section */
		738A71302974E0C7008E7E7A /* Weather */ = {
			isa = PBXNativeTarget;
			buildConfigurationList = 738A71452974E0C8008E7E7A /* Build configuration list for PBXNativeTarget "Weather" */;
			buildPhases = (
				5BFD7DA6706B508BBE3DE362 /* [CP] Check Pods Manifest.lock */,
				738A712D2974E0C7008E7E7A /* Sources */,
				738A712E2974E0C7008E7E7A /* Frameworks */,
				738A712F2974E0C7008E7E7A /* Resources */,
				AC68531FC163C8656DE6DFB3 /* [CP] Embed Pods Frameworks */,
			);
			buildRules = (
			);
			dependencies = (
			);
			name = Weather;
			productName = Weather;
			productReference = 738A71312974E0C7008E7E7A /* Weather.app */;
			productType = "com.apple.product-type.application";
		};
/* End PBXNativeTarget section */

/* Begin PBXProject section */
		738A71292974E0C7008E7E7A /* Project object */ = {
			isa = PBXProject;
			attributes = {
				BuildIndependentTargetsInParallel = 1;
				LastSwiftUpdateCheck = 1410;
				LastUpgradeCheck = 1410;
				TargetAttributes = {
					738A71302974E0C7008E7E7A = {
						CreatedOnToolsVersion = 14.1;
					};
				};
			};
			buildConfigurationList = 738A712C2974E0C7008E7E7A /* Build configuration list for PBXProject "Weather" */;
			compatibilityVersion = "Xcode 14.0";
			developmentRegion = en;
			hasScannedForEncodings = 0;
			knownRegions = (
				en,
				Base,
			);
			mainGroup = 738A71282974E0C7008E7E7A;
			productRefGroup = 738A71322974E0C7008E7E7A /* Products */;
			projectDirPath = "";
			projectRoot = "";
			targets = (
				738A71302974E0C7008E7E7A /* Weather */,
			);
		};
/* End PBXProject section */

/* Begin PBXResourcesBuildPhase section */
		738A712F2974E0C7008E7E7A /* Resources */ = {
			isa = PBXResourcesBuildPhase;
			buildActionMask = 2147483647;
			files = (
				738A71412974E0C8008E7E7A /* LaunchScreen.storyboard in Resources */,
				738A713E2974E0C8008E7E7A /* Assets.xcassets in Resources */,
				738A71692974E2FC008E7E7A /* NotoSansKR-Medium.otf in Resources */,
				738A71682974E2FC008E7E7A /* Roboto-Bold.ttf in Resources */,
				738A71662974E2FC008E7E7A /* Roboto-Regular.ttf in Resources */,
				738A71652974E2FC008E7E7A /* Roboto-Medium.ttf in Resources */,
				738A716A2974E2FC008E7E7A /* NotoSansKR-Regular.otf in Resources */,
				738A71672974E2FC008E7E7A /* NotoSansKR-Bold.otf in Resources */,
			);
			runOnlyForDeploymentPostprocessing = 0;
		};
/* End PBXResourcesBuildPhase section */

/* Begin PBXShellScriptBuildPhase section */
		5BFD7DA6706B508BBE3DE362 /* [CP] Check Pods Manifest.lock */ = {
			isa = PBXShellScriptBuildPhase;
			buildActionMask = 2147483647;
			files = (
			);
			inputFileListPaths = (
			);
			inputPaths = (
				"${PODS_PODFILE_DIR_PATH}/Podfile.lock",
				"${PODS_ROOT}/Manifest.lock",
			);
			name = "[CP] Check Pods Manifest.lock";
			outputFileListPaths = (
			);
			outputPaths = (
				"$(DERIVED_FILE_DIR)/Pods-Weather-checkManifestLockResult.txt",
			);
			runOnlyForDeploymentPostprocessing = 0;
			shellPath = /bin/sh;
			shellScript = "diff \"${PODS_PODFILE_DIR_PATH}/Podfile.lock\" \"${PODS_ROOT}/Manifest.lock\" > /dev/null\nif [ $? != 0 ] ; then\n    # print error to STDERR\n    echo \"error: The sandbox is not in sync with the Podfile.lock. Run 'pod install' or update your CocoaPods installation.\" >&2\n    exit 1\nfi\n# This output is used by Xcode 'outputs' to avoid re-running this script phase.\necho \"SUCCESS\" > \"${SCRIPT_OUTPUT_FILE_0}\"\n";
			showEnvVarsInLog = 0;
		};
		AC68531FC163C8656DE6DFB3 /* [CP] Embed Pods Frameworks */ = {
			isa = PBXShellScriptBuildPhase;
			buildActionMask = 2147483647;
			files = (
			);
			inputFileListPaths = (
				"${PODS_ROOT}/Target Support Files/Pods-Weather/Pods-Weather-frameworks-${CONFIGURATION}-input-files.xcfilelist",
			);
			name = "[CP] Embed Pods Frameworks";
			outputFileListPaths = (
				"${PODS_ROOT}/Target Support Files/Pods-Weather/Pods-Weather-frameworks-${CONFIGURATION}-output-files.xcfilelist",
			);
			runOnlyForDeploymentPostprocessing = 0;
			shellPath = /bin/sh;
			shellScript = "\"${PODS_ROOT}/Target Support Files/Pods-Weather/Pods-Weather-frameworks.sh\"\n";
			showEnvVarsInLog = 0;
		};
/* End PBXShellScriptBuildPhase section */

/* Begin PBXSourcesBuildPhase section */
		738A712D2974E0C7008E7E7A /* Sources */ = {
			isa = PBXSourcesBuildPhase;
			buildActionMask = 2147483647;
			files = (
				738A71732975037E008E7E7A /* FiveDaysWeatherCell.swift in Sources */,
				738A71862975441E008E7E7A /* Constant.swift in Sources */,
				738A717529750630008E7E7A /* DetailInfoCell.swift in Sources */,
				738A71572974E160008E7E7A /* AppCoordinator.swift in Sources */,
				738A717D2975124A008E7E7A /* MainCollectionViewDataSource.swift in Sources */,
				738A716C2974F154008E7E7A /* Font.swift in Sources */,
				738A71592974E1C6008E7E7A /* SearchViewController.swift in Sources */,
				738A71552974E14D008E7E7A /* BaseCoordinator.swift in Sources */,
				738A7180297524E3008E7E7A /* UIColor+Extension.swift in Sources */,
				738A71522974E12B008E7E7A /* DIContainer.swift in Sources */,
				738A716F2974F1E9008E7E7A /* CurrentWeatherCell.swift in Sources */,
				738A71392974E0C7008E7E7A /* MainViewController.swift in Sources */,
				738A717B29750805008E7E7A /* LayoutFactory.swift in Sources */,
				738A71712975014D008E7E7A /* TodayWeatherCell.swift in Sources */,
				738A717829750770008E7E7A /* SectionType.swift in Sources */,
				738A71352974E0C7008E7E7A /* AppDelegate.swift in Sources */,
				738A71372974E0C7008E7E7A /* SceneDelegate.swift in Sources */,
			);
			runOnlyForDeploymentPostprocessing = 0;
		};
/* End PBXSourcesBuildPhase section */

/* Begin PBXVariantGroup section */
		738A713F2974E0C8008E7E7A /* LaunchScreen.storyboard */ = {
			isa = PBXVariantGroup;
			children = (
				738A71402974E0C8008E7E7A /* Base */,
			);
			name = LaunchScreen.storyboard;
			sourceTree = "<group>";
		};
/* End PBXVariantGroup section */

/* Begin XCBuildConfiguration section */
		738A71432974E0C8008E7E7A /* Debug */ = {
			isa = XCBuildConfiguration;
			buildSettings = {
				ALWAYS_SEARCH_USER_PATHS = NO;
				CLANG_ANALYZER_NONNULL = YES;
				CLANG_ANALYZER_NUMBER_OBJECT_CONVERSION = YES_AGGRESSIVE;
				CLANG_CXX_LANGUAGE_STANDARD = "gnu++20";
				CLANG_ENABLE_MODULES = YES;
				CLANG_ENABLE_OBJC_ARC = YES;
				CLANG_ENABLE_OBJC_WEAK = YES;
				CLANG_WARN_BLOCK_CAPTURE_AUTORELEASING = YES;
				CLANG_WARN_BOOL_CONVERSION = YES;
				CLANG_WARN_COMMA = YES;
				CLANG_WARN_CONSTANT_CONVERSION = YES;
				CLANG_WARN_DEPRECATED_OBJC_IMPLEMENTATIONS = YES;
				CLANG_WARN_DIRECT_OBJC_ISA_USAGE = YES_ERROR;
				CLANG_WARN_DOCUMENTATION_COMMENTS = YES;
				CLANG_WARN_EMPTY_BODY = YES;
				CLANG_WARN_ENUM_CONVERSION = YES;
				CLANG_WARN_INFINITE_RECURSION = YES;
				CLANG_WARN_INT_CONVERSION = YES;
				CLANG_WARN_NON_LITERAL_NULL_CONVERSION = YES;
				CLANG_WARN_OBJC_IMPLICIT_RETAIN_SELF = YES;
				CLANG_WARN_OBJC_LITERAL_CONVERSION = YES;
				CLANG_WARN_OBJC_ROOT_CLASS = YES_ERROR;
				CLANG_WARN_QUOTED_INCLUDE_IN_FRAMEWORK_HEADER = YES;
				CLANG_WARN_RANGE_LOOP_ANALYSIS = YES;
				CLANG_WARN_STRICT_PROTOTYPES = YES;
				CLANG_WARN_SUSPICIOUS_MOVE = YES;
				CLANG_WARN_UNGUARDED_AVAILABILITY = YES_AGGRESSIVE;
				CLANG_WARN_UNREACHABLE_CODE = YES;
				CLANG_WARN__DUPLICATE_METHOD_MATCH = YES;
				COPY_PHASE_STRIP = NO;
				DEBUG_INFORMATION_FORMAT = dwarf;
				ENABLE_STRICT_OBJC_MSGSEND = YES;
				ENABLE_TESTABILITY = YES;
				GCC_C_LANGUAGE_STANDARD = gnu11;
				GCC_DYNAMIC_NO_PIC = NO;
				GCC_NO_COMMON_BLOCKS = YES;
				GCC_OPTIMIZATION_LEVEL = 0;
				GCC_PREPROCESSOR_DEFINITIONS = (
					"DEBUG=1",
					"$(inherited)",
				);
				GCC_WARN_64_TO_32_BIT_CONVERSION = YES;
				GCC_WARN_ABOUT_RETURN_TYPE = YES_ERROR;
				GCC_WARN_UNDECLARED_SELECTOR = YES;
				GCC_WARN_UNINITIALIZED_AUTOS = YES_AGGRESSIVE;
				GCC_WARN_UNUSED_FUNCTION = YES;
				GCC_WARN_UNUSED_VARIABLE = YES;
				IPHONEOS_DEPLOYMENT_TARGET = 16.1;
				MTL_ENABLE_DEBUG_INFO = INCLUDE_SOURCE;
				MTL_FAST_MATH = YES;
				ONLY_ACTIVE_ARCH = YES;
				SDKROOT = iphoneos;
				SWIFT_ACTIVE_COMPILATION_CONDITIONS = DEBUG;
				SWIFT_OPTIMIZATION_LEVEL = "-Onone";
			};
			name = Debug;
		};
		738A71442974E0C8008E7E7A /* Release */ = {
			isa = XCBuildConfiguration;
			buildSettings = {
				ALWAYS_SEARCH_USER_PATHS = NO;
				CLANG_ANALYZER_NONNULL = YES;
				CLANG_ANALYZER_NUMBER_OBJECT_CONVERSION = YES_AGGRESSIVE;
				CLANG_CXX_LANGUAGE_STANDARD = "gnu++20";
				CLANG_ENABLE_MODULES = YES;
				CLANG_ENABLE_OBJC_ARC = YES;
				CLANG_ENABLE_OBJC_WEAK = YES;
				CLANG_WARN_BLOCK_CAPTURE_AUTORELEASING = YES;
				CLANG_WARN_BOOL_CONVERSION = YES;
				CLANG_WARN_COMMA = YES;
				CLANG_WARN_CONSTANT_CONVERSION = YES;
				CLANG_WARN_DEPRECATED_OBJC_IMPLEMENTATIONS = YES;
				CLANG_WARN_DIRECT_OBJC_ISA_USAGE = YES_ERROR;
				CLANG_WARN_DOCUMENTATION_COMMENTS = YES;
				CLANG_WARN_EMPTY_BODY = YES;
				CLANG_WARN_ENUM_CONVERSION = YES;
				CLANG_WARN_INFINITE_RECURSION = YES;
				CLANG_WARN_INT_CONVERSION = YES;
				CLANG_WARN_NON_LITERAL_NULL_CONVERSION = YES;
				CLANG_WARN_OBJC_IMPLICIT_RETAIN_SELF = YES;
				CLANG_WARN_OBJC_LITERAL_CONVERSION = YES;
				CLANG_WARN_OBJC_ROOT_CLASS = YES_ERROR;
				CLANG_WARN_QUOTED_INCLUDE_IN_FRAMEWORK_HEADER = YES;
				CLANG_WARN_RANGE_LOOP_ANALYSIS = YES;
				CLANG_WARN_STRICT_PROTOTYPES = YES;
				CLANG_WARN_SUSPICIOUS_MOVE = YES;
				CLANG_WARN_UNGUARDED_AVAILABILITY = YES_AGGRESSIVE;
				CLANG_WARN_UNREACHABLE_CODE = YES;
				CLANG_WARN__DUPLICATE_METHOD_MATCH = YES;
				COPY_PHASE_STRIP = NO;
				DEBUG_INFORMATION_FORMAT = "dwarf-with-dsym";
				ENABLE_NS_ASSERTIONS = NO;
				ENABLE_STRICT_OBJC_MSGSEND = YES;
				GCC_C_LANGUAGE_STANDARD = gnu11;
				GCC_NO_COMMON_BLOCKS = YES;
				GCC_WARN_64_TO_32_BIT_CONVERSION = YES;
				GCC_WARN_ABOUT_RETURN_TYPE = YES_ERROR;
				GCC_WARN_UNDECLARED_SELECTOR = YES;
				GCC_WARN_UNINITIALIZED_AUTOS = YES_AGGRESSIVE;
				GCC_WARN_UNUSED_FUNCTION = YES;
				GCC_WARN_UNUSED_VARIABLE = YES;
				IPHONEOS_DEPLOYMENT_TARGET = 16.1;
				MTL_ENABLE_DEBUG_INFO = NO;
				MTL_FAST_MATH = YES;
				SDKROOT = iphoneos;
				SWIFT_COMPILATION_MODE = wholemodule;
				SWIFT_OPTIMIZATION_LEVEL = "-O";
				VALIDATE_PRODUCT = YES;
			};
			name = Release;
		};
		738A71462974E0C8008E7E7A /* Debug */ = {
			isa = XCBuildConfiguration;
			baseConfigurationReference = 4C0014CAA2742A914D0A5AF2 /* Pods-Weather.debug.xcconfig */;
			buildSettings = {
				ASSETCATALOG_COMPILER_APPICON_NAME = AppIcon;
				ASSETCATALOG_COMPILER_GLOBAL_ACCENT_COLOR_NAME = AccentColor;
				CODE_SIGN_STYLE = Automatic;
				CURRENT_PROJECT_VERSION = 1;
				DEVELOPMENT_TEAM = 6Y9V523M6R;
				GENERATE_INFOPLIST_FILE = YES;
				INFOPLIST_FILE = Weather/Info.plist;
				INFOPLIST_KEY_UIApplicationSupportsIndirectInputEvents = YES;
				INFOPLIST_KEY_UILaunchStoryboardName = LaunchScreen;
				INFOPLIST_KEY_UISupportedInterfaceOrientations_iPad = "UIInterfaceOrientationPortrait UIInterfaceOrientationPortraitUpsideDown UIInterfaceOrientationLandscapeLeft UIInterfaceOrientationLandscapeRight";
				INFOPLIST_KEY_UISupportedInterfaceOrientations_iPhone = "UIInterfaceOrientationPortrait UIInterfaceOrientationLandscapeLeft UIInterfaceOrientationLandscapeRight";
				LD_RUNPATH_SEARCH_PATHS = (
					"$(inherited)",
					"@executable_path/Frameworks",
				);
				MARKETING_VERSION = 1.0;
				PRODUCT_BUNDLE_IDENTIFIER = com.jeee.Weather;
				PRODUCT_NAME = "$(TARGET_NAME)";
				SWIFT_EMIT_LOC_STRINGS = YES;
				SWIFT_VERSION = 5.0;
				TARGETED_DEVICE_FAMILY = "1,2";
			};
			name = Debug;
		};
		738A71472974E0C8008E7E7A /* Release */ = {
			isa = XCBuildConfiguration;
			baseConfigurationReference = F89B30B265D4332FD3A52673 /* Pods-Weather.release.xcconfig */;
			buildSettings = {
				ASSETCATALOG_COMPILER_APPICON_NAME = AppIcon;
				ASSETCATALOG_COMPILER_GLOBAL_ACCENT_COLOR_NAME = AccentColor;
				CODE_SIGN_STYLE = Automatic;
				CURRENT_PROJECT_VERSION = 1;
				DEVELOPMENT_TEAM = 6Y9V523M6R;
				GENERATE_INFOPLIST_FILE = YES;
				INFOPLIST_FILE = Weather/Info.plist;
				INFOPLIST_KEY_UIApplicationSupportsIndirectInputEvents = YES;
				INFOPLIST_KEY_UILaunchStoryboardName = LaunchScreen;
				INFOPLIST_KEY_UISupportedInterfaceOrientations_iPad = "UIInterfaceOrientationPortrait UIInterfaceOrientationPortraitUpsideDown UIInterfaceOrientationLandscapeLeft UIInterfaceOrientationLandscapeRight";
				INFOPLIST_KEY_UISupportedInterfaceOrientations_iPhone = "UIInterfaceOrientationPortrait UIInterfaceOrientationLandscapeLeft UIInterfaceOrientationLandscapeRight";
				LD_RUNPATH_SEARCH_PATHS = (
					"$(inherited)",
					"@executable_path/Frameworks",
				);
				MARKETING_VERSION = 1.0;
				PRODUCT_BUNDLE_IDENTIFIER = com.jeee.Weather;
				PRODUCT_NAME = "$(TARGET_NAME)";
				SWIFT_EMIT_LOC_STRINGS = YES;
				SWIFT_VERSION = 5.0;
				TARGETED_DEVICE_FAMILY = "1,2";
			};
			name = Release;
		};
/* End XCBuildConfiguration section */

/* Begin XCConfigurationList section */
		738A712C2974E0C7008E7E7A /* Build configuration list for PBXProject "Weather" */ = {
			isa = XCConfigurationList;
			buildConfigurations = (
				738A71432974E0C8008E7E7A /* Debug */,
				738A71442974E0C8008E7E7A /* Release */,
			);
			defaultConfigurationIsVisible = 0;
			defaultConfigurationName = Release;
		};
		738A71452974E0C8008E7E7A /* Build configuration list for PBXNativeTarget "Weather" */ = {
			isa = XCConfigurationList;
			buildConfigurations = (
				738A71462974E0C8008E7E7A /* Debug */,
				738A71472974E0C8008E7E7A /* Release */,
			);
			defaultConfigurationIsVisible = 0;
			defaultConfigurationName = Release;
		};
/* End XCConfigurationList section */
	};
	rootObject = 738A71292974E0C7008E7E7A /* Project object */;
}
